{
  "name": "qlue-ui",
  "lockfileVersion": 3,
  "requires": true,
  "packages": {
    "": {
      "dependencies": {
        "qlue-ls": "^3.11.0"
      }
    },
    "node_modules/qlue-ls": {
      "version": "3.11.0",
      "resolved": "https://registry.npmjs.org/qlue-ls/-/qlue-ls-3.11.0.tgz",
      "integrity": "sha512-XnT7dTrWGjWE8QlI59xvEdm4mYIr6PAqqCQFHPT8VtT6BYSMTRv4R/gykLsmlkoZ/WDr/DsczzgNBA5pK/EUaA==",
      "license": "SEE LICENSE IN LICENSE"
    }
  }
}
